
Microsoft Visual Studio Solution File, Format Version 12.00
# Visual Studio 2013
VisualStudioVersion = 12.0.40629.0
MinimumVisualStudioVersion = 10.0.40219.1
Project("{FAE04EC0-301F-11D3-BF4B-00C04F79EFBC}") = "Graphs", "Graphs\Graphs.csproj", "{B8B8A92C-6FA5-46F7-86E1-BC368D1D71A4}"
EndProject
Project("{FAE04EC0-301F-11D3-BF4B-00C04F79EFBC}") = "Graphs.Tests", "Graphs.Tests\Graphs.Tests.csproj", "{42DCA1C5-42D3-4A0F-A7F6-AD30CE897627}"
EndProject
Global
	GlobalSection(SolutionConfigurationPlatforms) = preSolution
		Debug|Any CPU = Debug|Any CPU
		Release|Any CPU = Release|Any CPU
	EndGlobalSection
	GlobalSection(ProjectConfigurationPlatforms) = postSolution
		{B8B8A92C-6FA5-46F7-86E1-BC368D1D71A4}.Debug|Any CPU.ActiveCfg = Debug|Any CPU
		{B8B8A92C-6FA5-46F7-86E1-BC368D1D71A4}.Debug|Any CPU.Build.0 = Debug|Any CPU
		{B8B8A92C-6FA5-46F7-86E1-BC368D1D71A4}.Release|Any CPU.ActiveCfg = Release|Any CPU
		{B8B8A92C-6FA5-46F7-86E1-BC368D1D71A4}.Release|Any CPU.Build.0 = Release|Any CPU
		{42DCA1C5-42D3-4A0F-A7F6-AD30CE897627}.Debug|Any CPU.ActiveCfg = Debug|Any CPU
		{42DCA1C5-42D3-4A0F-A7F6-AD30CE897627}.Debug|Any CPU.Build.0 = Debug|Any CPU
		{42DCA1C5-42D3-4A0F-A7F6-AD30CE897627}.Release|Any CPU.ActiveCfg = Release|Any CPU
		{42DCA1C5-42D3-4A0F-A7F6-AD30CE897627}.Release|Any CPU.Build.0 = Release|Any CPU
	EndGlobalSection
	GlobalSection(SolutionProperties) = preSolution
		HideSolutionNode = FALSE
	EndGlobalSection
EndGlobal
